
Microsoft Visual Studio Solution File, Format Version 12.00
# Visual Studio Version 16
VisualStudioVersion = 16.0.31424.327
MinimumVisualStudioVersion = 10.0.40219.1
Project("{9A19103F-16F7-4668-BE54-9A1E7A4F7556}") = "MvcTutorial", "MvcTutorial\MvcTutorial.csproj", "{9F13236A-B047-4262-8A8D-BC1B64CCBE78}"
EndProject
Global
	GlobalSection(SolutionConfigurationPlatforms) = preSolution
		Debug|Any CPU = Debug|Any CPU
		Release|Any CPU = Release|Any CPU
	EndGlobalSection
	GlobalSection(ProjectConfigurationPlatforms) = postSolution
		{9F13236A-B047-4262-8A8D-BC1B64CCBE78}.Debug|Any CPU.ActiveCfg = Debug|Any CPU
		{9F13236A-B047-4262-8A8D-BC1B64CCBE78}.Debug|Any CPU.Build.0 = Debug|Any CPU
		{9F13236A-B047-4262-8A8D-BC1B64CCBE78}.Release|Any CPU.ActiveCfg = Release|Any CPU
		{9F13236A-B047-4262-8A8D-BC1B64CCBE78}.Release|Any CPU.Build.0 = Release|Any CPU
	EndGlobalSection
	GlobalSection(SolutionProperties) = preSolution
		HideSolutionNode = FALSE
	EndGlobalSection
	GlobalSection(ExtensibilityGlobals) = postSolution
		SolutionGuid = {E65BBCF0-4171-45B8-BA26-69C20961574F}
	EndGlobalSection
EndGlobal
